// !$*UTF8*$!
{
	archiveVersion = 1;
	classes = {
	};
	objectVersion = 50;
	objects = {

/* Begin PBXBuildFile section */
		5419982521C96A3C00D5E033 /* R_Lloyd_AttackStanding.atlas in Resources */ = {isa = PBXBuildFile; fileRef = 5419982421C96A3C00D5E033 /* R_Lloyd_AttackStanding.atlas */; };
		5419982721C96A5200D5E033 /* L_Lloyd_AttackStanding.atlas in Resources */ = {isa = PBXBuildFile; fileRef = 5419982621C96A5200D5E033 /* L_Lloyd_AttackStanding.atlas */; };
		5419982A21C96B2D00D5E033 /* R_LLOYD_JUMP.atlas in Resources */ = {isa = PBXBuildFile; fileRef = 5419982821C96B2D00D5E033 /* R_LLOYD_JUMP.atlas */; };
		5419982B21C96B2D00D5E033 /* L_LLOYD_JUMP.atlas in Resources */ = {isa = PBXBuildFile; fileRef = 5419982921C96B2D00D5E033 /* L_LLOYD_JUMP.atlas */; };
		541D08F721A3208200B5F518 /* AppDelegate.swift in Sources */ = {isa = PBXBuildFile; fileRef = 541D08F621A3208200B5F518 /* AppDelegate.swift */; };
		541D08F921A3208200B5F518 /* GameScene.sks in Resources */ = {isa = PBXBuildFile; fileRef = 541D08F821A3208200B5F518 /* GameScene.sks */; };
		541D08FD21A3208200B5F518 /* GameScene.swift in Sources */ = {isa = PBXBuildFile; fileRef = 541D08FC21A3208200B5F518 /* GameScene.swift */; };
		541D08FF21A3208200B5F518 /* GameViewController.swift in Sources */ = {isa = PBXBuildFile; fileRef = 541D08FE21A3208200B5F518 /* GameViewController.swift */; };
		541D090221A3208200B5F518 /* Main.storyboard in Resources */ = {isa = PBXBuildFile; fileRef = 541D090021A3208200B5F518 /* Main.storyboard */; };
		541D090421A3208400B5F518 /* Assets.xcassets in Resources */ = {isa = PBXBuildFile; fileRef = 541D090321A3208400B5F518 /* Assets.xcassets */; };
		541D090721A3208400B5F518 /* LaunchScreen.storyboard in Resources */ = {isa = PBXBuildFile; fileRef = 541D090521A3208400B5F518 /* LaunchScreen.storyboard */; };
		541D091221A3208500B5F518 /* SUPER_SMASH_FLASH_2Tests.swift in Sources */ = {isa = PBXBuildFile; fileRef = 541D091121A3208500B5F518 /* SUPER_SMASH_FLASH_2Tests.swift */; };
		541D091D21A3208500B5F518 /* SUPER_SMASH_FLASH_2UITests.swift in Sources */ = {isa = PBXBuildFile; fileRef = 541D091C21A3208500B5F518 /* SUPER_SMASH_FLASH_2UITests.swift */; };
		542ED4E921C1763C009F53C5 /* Intro.mp4 in Resources */ = {isa = PBXBuildFile; fileRef = 542ED4E821C03866009F53C5 /* Intro.mp4 */; };
		543C003921AF0765009B78A7 /* Map Loading Framework.swift in Sources */ = {isa = PBXBuildFile; fileRef = 543C003821AF0765009B78A7 /* Map Loading Framework.swift */; };
		543C003C21AF0806009B78A7 /* Launch Screen.storyboard in Resources */ = {isa = PBXBuildFile; fileRef = 543C003B21AF0806009B78A7 /* Launch Screen.storyboard */; };
		54529AF021AF2D9D008E3176 /* R_LLOYD_IDLE.atlas in Resources */ = {isa = PBXBuildFile; fileRef = 54529AEC21AF2D9C008E3176 /* R_LLOYD_IDLE.atlas */; };
		54529AF121AF2D9D008E3176 /* L_LLOYD_WALK.atlas in Resources */ = {isa = PBXBuildFile; fileRef = 54529AED21AF2D9D008E3176 /* L_LLOYD_WALK.atlas */; };
		54529AF221AF2D9D008E3176 /* R_LLOYD_WALK.atlas in Resources */ = {isa = PBXBuildFile; fileRef = 54529AEE21AF2D9D008E3176 /* R_LLOYD_WALK.atlas */; };
		54529AF421B052BF008E3176 /* P2P - Delegate.swift in Sources */ = {isa = PBXBuildFile; fileRef = 54529AF321B052BF008E3176 /* P2P - Delegate.swift */; };
		54529AF621B1A726008E3176 /* D-Pad Extension.swift in Sources */ = {isa = PBXBuildFile; fileRef = 54529AF521B1A726008E3176 /* D-Pad Extension.swift */; };
		54529B1321B840F3008E3176 /* L_LLOYD_IDLE.atlas in Resources */ = {isa = PBXBuildFile; fileRef = 72EF56B221B6FA1A0010FD4E /* L_LLOYD_IDLE.atlas */; };
		5456A9DB21A5D89400806094 /* Animation Extension.swift in Sources */ = {isa = PBXBuildFile; fileRef = 5456A9DA21A5D89400806094 /* Animation Extension.swift */; };
		54FF04C821A72847003CD040 /* P2PService.swift in Sources */ = {isa = PBXBuildFile; fileRef = 54FF04C721A72847003CD040 /* P2PService.swift */; };
		F281E8AA21CB037800D71DF8 /* R_LLOYD_FALLING.atlas in Resources */ = {isa = PBXBuildFile; fileRef = F281E8A821CB037800D71DF8 /* R_LLOYD_FALLING.atlas */; };
		F281E8AB21CB037800D71DF8 /* L_LLOYD_FALLING.atlas in Resources */ = {isa = PBXBuildFile; fileRef = F281E8A921CB037800D71DF8 /* L_LLOYD_FALLING.atlas */; };
		F281E8B721CB64CD00D71DF8 /* 62.png in Resources */ = {isa = PBXBuildFile; fileRef = F281E8AD21CB64CD00D71DF8 /* 62.png */; };
		F281E8B821CB64CD00D71DF8 /* 60.png in Resources */ = {isa = PBXBuildFile; fileRef = F281E8AE21CB64CD00D71DF8 /* 60.png */; };
		F281E8B921CB64CD00D71DF8 /* 65.png in Resources */ = {isa = PBXBuildFile; fileRef = F281E8AF21CB64CD00D71DF8 /* 65.png */; };
		F281E8BA21CB64CD00D71DF8 /* FDLevel.png in Resources */ = {isa = PBXBuildFile; fileRef = F281E8B021CB64CD00D71DF8 /* FDLevel.png */; };
		F281E8BB21CB64CD00D71DF8 /* FDBackground.png in Resources */ = {isa = PBXBuildFile; fileRef = F281E8B121CB64CD00D71DF8 /* FDBackground.png */; };
		F281E8BC21CB64CD00D71DF8 /* 56.png in Resources */ = {isa = PBXBuildFile; fileRef = F281E8B221CB64CD00D71DF8 /* 56.png */; };
		F281E8BD21CB64CD00D71DF8 /* 43.png in Resources */ = {isa = PBXBuildFile; fileRef = F281E8B321CB64CD00D71DF8 /* 43.png */; };
		F281E8BE21CB64CD00D71DF8 /* 40.png in Resources */ = {isa = PBXBuildFile; fileRef = F281E8B421CB64CD00D71DF8 /* 40.png */; };
		F281E8BF21CB64CD00D71DF8 /* MapMask.png in Resources */ = {isa = PBXBuildFile; fileRef = F281E8B521CB64CD00D71DF8 /* MapMask.png */; };
		F281E8C021CB64CD00D71DF8 /* 1.png in Resources */ = {isa = PBXBuildFile; fileRef = F281E8B621CB64CD00D71DF8 /* 1.png */; };
		F281E8C421CB64DC00D71DF8 /* SSFBackEdit.png in Resources */ = {isa = PBXBuildFile; fileRef = F281E8C221CB64DC00D71DF8 /* SSFBackEdit.png */; };
		F281E8C521CB64DC00D71DF8 /* SSFBack.png in Resources */ = {isa = PBXBuildFile; fileRef = F281E8C321CB64DC00D71DF8 /* SSFBack.png */; };
		F281E8CA21CB64EA00D71DF8 /* MapSelection.png in Resources */ = {isa = PBXBuildFile; fileRef = F281E8C721CB64EA00D71DF8 /* MapSelection.png */; };
		F281E8CB21CB64EA00D71DF8 /* Parrallelogram.png in Resources */ = {isa = PBXBuildFile; fileRef = F281E8C821CB64EA00D71DF8 /* Parrallelogram.png */; };
		F281E8CC21CB64EA00D71DF8 /* Map Selection.png in Resources */ = {isa = PBXBuildFile; fileRef = F281E8C921CB64EA00D71DF8 /* Map Selection.png */; };
		F281E8DF21CB650000D71DF8 /* TempleMask1.png in Resources */ = {isa = PBXBuildFile; fileRef = F281E8CE21CB650000D71DF8 /* TempleMask1.png */; };
		F281E8E021CB650000D71DF8 /* TempleMask2.png in Resources */ = {isa = PBXBuildFile; fileRef = F281E8CF21CB650000D71DF8 /* TempleMask2.png */; };
		F281E8E221CB650000D71DF8 /* 48.png in Resources */ = {isa = PBXBuildFile; fileRef = F281E8D121CB650000D71DF8 /* 48.png */; };
		F281E8E321CB650000D71DF8 /* Temple.png in Resources */ = {isa = PBXBuildFile; fileRef = F281E8D221CB650000D71DF8 /* Temple.png */; };
		F281E8E421CB650000D71DF8 /* TempleMask3.png in Resources */ = {isa = PBXBuildFile; fileRef = F281E8D321CB650000D71DF8 /* TempleMask3.png */; };
		F281E8E521CB650000D71DF8 /* TempleMask7.png in Resources */ = {isa = PBXBuildFile; fileRef = F281E8D421CB650000D71DF8 /* TempleMask7.png */; };
		F281E8E621CB650000D71DF8 /* 64.png in Resources */ = {isa = PBXBuildFile; fileRef = F281E8D521CB650000D71DF8 /* 64.png */; };
		F281E8E721CB650000D71DF8 /* TempleMask6.png in Resources */ = {isa = PBXBuildFile; fileRef = F281E8D621CB650000D71DF8 /* TempleMask6.png */; };
		F281E8E821CB650000D71DF8 /* TempleMask4.png in Resources */ = {isa = PBXBuildFile; fileRef = F281E8D721CB650000D71DF8 /* TempleMask4.png */; };
		F281E8E921CB650000D71DF8 /* TempleMask5.png in Resources */ = {isa = PBXBuildFile; fileRef = F281E8D821CB650000D71DF8 /* TempleMask5.png */; };
		F281E8EA21CB650000D71DF8 /* BackgroundTemple.png in Resources */ = {isa = PBXBuildFile; fileRef = F281E8D921CB650000D71DF8 /* BackgroundTemple.png */; };
		F281E8EB21CB650000D71DF8 /* TempleMask8.png in Resources */ = {isa = PBXBuildFile; fileRef = F281E8DA21CB650000D71DF8 /* TempleMask8.png */; };
		F281E8ED21CB650000D71DF8 /* TempleMask9.png in Resources */ = {isa = PBXBuildFile; fileRef = F281E8DC21CB650000D71DF8 /* TempleMask9.png */; };
		F281E8EE21CB650000D71DF8 /* 68.png in Resources */ = {isa = PBXBuildFile; fileRef = F281E8DD21CB650000D71DF8 /* 68.png */; };
		F281E8EF21CB650000D71DF8 /* 52.png in Resources */ = {isa = PBXBuildFile; fileRef = F281E8DE21CB650000D71DF8 /* 52.png */; };
		F281E8F421CB652000D71DF8 /* Castle.png in Resources */ = {isa = PBXBuildFile; fileRef = F281E8F121CB652000D71DF8 /* Castle.png */; };
		F281E8F521CB652000D71DF8 /* Background.png in Resources */ = {isa = PBXBuildFile; fileRef = F281E8F221CB652000D71DF8 /* Background.png */; };
		F281E8F621CB652000D71DF8 /* CastleHitBox.png in Resources */ = {isa = PBXBuildFile; fileRef = F281E8F321CB652000D71DF8 /* CastleHitBox.png */; };
		F281E8FD21CB653600D71DF8 /* PlayerFour.png in Resources */ = {isa = PBXBuildFile; fileRef = F281E8F821CB653600D71DF8 /* PlayerFour.png */; };
		F281E8FE21CB653600D71DF8 /* PlayerOne.png in Resources */ = {isa = PBXBuildFile; fileRef = F281E8F921CB653600D71DF8 /* PlayerOne.png */; };
		F281E8FF21CB653600D71DF8 /* PlayerTwo.png in Resources */ = {isa = PBXBuildFile; fileRef = F281E8FA21CB653600D71DF8 /* PlayerTwo.png */; };
		F281E90021CB653600D71DF8 /* PlayerThree.png in Resources */ = {isa = PBXBuildFile; fileRef = F281E8FB21CB653600D71DF8 /* PlayerThree.png */; };
		F281E90121CB653600D71DF8 /* SelectionScreen.png in Resources */ = {isa = PBXBuildFile; fileRef = F281E8FC21CB653600D71DF8 /* SelectionScreen.png */; };
		F281E90921CB663100D71DF8 /* MainMenu.sks in Resources */ = {isa = PBXBuildFile; fileRef = F281E90321CB663100D71DF8 /* MainMenu.sks */; };
		F281E90A21CB663100D71DF8 /* MainMenu.swift in Sources */ = {isa = PBXBuildFile; fileRef = F281E90421CB663100D71DF8 /* MainMenu.swift */; };
		F281E90B21CB663100D71DF8 /* MapScene.sks in Resources */ = {isa = PBXBuildFile; fileRef = F281E90521CB663100D71DF8 /* MapScene.sks */; };
		F281E90C21CB663100D71DF8 /* SelectionScene.sks in Resources */ = {isa = PBXBuildFile; fileRef = F281E90621CB663100D71DF8 /* SelectionScene.sks */; };
		F281E90D21CB663100D71DF8 /* MapScene.swift in Sources */ = {isa = PBXBuildFile; fileRef = F281E90721CB663100D71DF8 /* MapScene.swift */; };
		F281E90E21CB663100D71DF8 /* SelectionScene.swift in Sources */ = {isa = PBXBuildFile; fileRef = F281E90821CB663100D71DF8 /* SelectionScene.swift */; };
/* End PBXBuildFile section */

/* Begin PBXContainerItemProxy section */
		541D090E21A3208400B5F518 /* PBXContainerItemProxy */ = {
			isa = PBXContainerItemProxy;
			containerPortal = 541D08EB21A3208200B5F518 /* Project object */;
			proxyType = 1;
			remoteGlobalIDString = 541D08F221A3208200B5F518;
			remoteInfo = SUPER_SMASH_FLASH_2;
		};
		541D091921A3208500B5F518 /* PBXContainerItemProxy */ = {
			isa = PBXContainerItemProxy;
			containerPortal = 541D08EB21A3208200B5F518 /* Project object */;
			proxyType = 1;
			remoteGlobalIDString = 541D08F221A3208200B5F518;
			remoteInfo = SUPER_SMASH_FLASH_2;
		};
/* End PBXContainerItemProxy section */

/* Begin PBXFileReference section */
		5419982421C96A3C00D5E033 /* R_Lloyd_AttackStanding.atlas */ = {isa = PBXFileReference; lastKnownFileType = folder.skatlas; path = R_Lloyd_AttackStanding.atlas; sourceTree = "<group>"; };
		5419982621C96A5200D5E033 /* L_Lloyd_AttackStanding.atlas */ = {isa = PBXFileReference; lastKnownFileType = folder.skatlas; path = L_Lloyd_AttackStanding.atlas; sourceTree = "<group>"; };
		5419982821C96B2D00D5E033 /* R_LLOYD_JUMP.atlas */ = {isa = PBXFileReference; lastKnownFileType = folder.skatlas; path = R_LLOYD_JUMP.atlas; sourceTree = SOURCE_ROOT; };
		5419982921C96B2D00D5E033 /* L_LLOYD_JUMP.atlas */ = {isa = PBXFileReference; lastKnownFileType = folder.skatlas; path = L_LLOYD_JUMP.atlas; sourceTree = SOURCE_ROOT; };
		541D08F321A3208200B5F518 /* SUPER_SMASH_FLASH_2.app */ = {isa = PBXFileReference; explicitFileType = wrapper.application; includeInIndex = 0; path = SUPER_SMASH_FLASH_2.app; sourceTree = BUILT_PRODUCTS_DIR; };
		541D08F621A3208200B5F518 /* AppDelegate.swift */ = {isa = PBXFileReference; lastKnownFileType = sourcecode.swift; path = AppDelegate.swift; sourceTree = "<group>"; };
		541D08F821A3208200B5F518 /* GameScene.sks */ = {isa = PBXFileReference; lastKnownFileType = file.sks; path = GameScene.sks; sourceTree = "<group>"; };
		541D08FC21A3208200B5F518 /* GameScene.swift */ = {isa = PBXFileReference; lastKnownFileType = sourcecode.swift; path = GameScene.swift; sourceTree = "<group>"; };
		541D08FE21A3208200B5F518 /* GameViewController.swift */ = {isa = PBXFileReference; lastKnownFileType = sourcecode.swift; path = GameViewController.swift; sourceTree = "<group>"; };
		541D090121A3208200B5F518 /* Base */ = {isa = PBXFileReference; lastKnownFileType = file.storyboard; name = Base; path = Base.lproj/Main.storyboard; sourceTree = "<group>"; };
		541D090321A3208400B5F518 /* Assets.xcassets */ = {isa = PBXFileReference; lastKnownFileType = folder.assetcatalog; path = Assets.xcassets; sourceTree = "<group>"; };
		541D090621A3208400B5F518 /* Base */ = {isa = PBXFileReference; lastKnownFileType = file.storyboard; name = Base; path = Base.lproj/LaunchScreen.storyboard; sourceTree = "<group>"; };
		541D090821A3208400B5F518 /* Info.plist */ = {isa = PBXFileReference; lastKnownFileType = text.plist.xml; path = Info.plist; sourceTree = "<group>"; };
		541D090D21A3208400B5F518 /* SUPER_SMASH_FLASH_2Tests.xctest */ = {isa = PBXFileReference; explicitFileType = wrapper.cfbundle; includeInIndex = 0; path = SUPER_SMASH_FLASH_2Tests.xctest; sourceTree = BUILT_PRODUCTS_DIR; };
		541D091121A3208500B5F518 /* SUPER_SMASH_FLASH_2Tests.swift */ = {isa = PBXFileReference; lastKnownFileType = sourcecode.swift; path = SUPER_SMASH_FLASH_2Tests.swift; sourceTree = "<group>"; };
		541D091321A3208500B5F518 /* Info.plist */ = {isa = PBXFileReference; lastKnownFileType = text.plist.xml; path = Info.plist; sourceTree = "<group>"; };
		541D091821A3208500B5F518 /* SUPER_SMASH_FLASH_2UITests.xctest */ = {isa = PBXFileReference; explicitFileType = wrapper.cfbundle; includeInIndex = 0; path = SUPER_SMASH_FLASH_2UITests.xctest; sourceTree = BUILT_PRODUCTS_DIR; };
		541D091C21A3208500B5F518 /* SUPER_SMASH_FLASH_2UITests.swift */ = {isa = PBXFileReference; lastKnownFileType = sourcecode.swift; path = SUPER_SMASH_FLASH_2UITests.swift; sourceTree = "<group>"; };
		541D091E21A3208500B5F518 /* Info.plist */ = {isa = PBXFileReference; lastKnownFileType = text.plist.xml; path = Info.plist; sourceTree = "<group>"; };
		542ED4E821C03866009F53C5 /* Intro.mp4 */ = {isa = PBXFileReference; lastKnownFileType = file; path = Intro.mp4; sourceTree = "<group>"; };
		543C003821AF0765009B78A7 /* Map Loading Framework.swift */ = {isa = PBXFileReference; lastKnownFileType = sourcecode.swift; path = "Map Loading Framework.swift"; sourceTree = "<group>"; };
		543C003B21AF0806009B78A7 /* Launch Screen.storyboard */ = {isa = PBXFileReference; lastKnownFileType = file.storyboard; path = "Launch Screen.storyboard"; sourceTree = "<group>"; };
		54529AEC21AF2D9C008E3176 /* R_LLOYD_IDLE.atlas */ = {isa = PBXFileReference; lastKnownFileType = folder.skatlas; path = R_LLOYD_IDLE.atlas; sourceTree = "<group>"; };
		54529AED21AF2D9D008E3176 /* L_LLOYD_WALK.atlas */ = {isa = PBXFileReference; lastKnownFileType = folder.skatlas; path = L_LLOYD_WALK.atlas; sourceTree = "<group>"; };
		54529AEE21AF2D9D008E3176 /* R_LLOYD_WALK.atlas */ = {isa = PBXFileReference; lastKnownFileType = folder.skatlas; path = R_LLOYD_WALK.atlas; sourceTree = "<group>"; };
		54529AF321B052BF008E3176 /* P2P - Delegate.swift */ = {isa = PBXFileReference; lastKnownFileType = sourcecode.swift; path = "P2P - Delegate.swift"; sourceTree = "<group>"; };
		54529AF521B1A726008E3176 /* D-Pad Extension.swift */ = {isa = PBXFileReference; lastKnownFileType = sourcecode.swift; path = "D-Pad Extension.swift"; sourceTree = "<group>"; };
		5456A9DA21A5D89400806094 /* Animation Extension.swift */ = {isa = PBXFileReference; lastKnownFileType = sourcecode.swift; path = "Animation Extension.swift"; sourceTree = "<group>"; };
		54FF04C721A72847003CD040 /* P2PService.swift */ = {isa = PBXFileReference; lastKnownFileType = sourcecode.swift; path = P2PService.swift; sourceTree = "<group>"; };
		72EF56B221B6FA1A0010FD4E /* L_LLOYD_IDLE.atlas */ = {isa = PBXFileReference; lastKnownFileType = folder.skatlas; path = L_LLOYD_IDLE.atlas; sourceTree = "<group>"; };
		F281E8A821CB037800D71DF8 /* R_LLOYD_FALLING.atlas */ = {isa = PBXFileReference; lastKnownFileType = folder.skatlas; path = R_LLOYD_FALLING.atlas; sourceTree = "<group>"; };
		F281E8A921CB037800D71DF8 /* L_LLOYD_FALLING.atlas */ = {isa = PBXFileReference; lastKnownFileType = folder.skatlas; path = L_LLOYD_FALLING.atlas; sourceTree = "<group>"; };
		F281E8AD21CB64CD00D71DF8 /* 62.png */ = {isa = PBXFileReference; lastKnownFileType = image.png; path = 62.png; sourceTree = "<group>"; };
		F281E8AE21CB64CD00D71DF8 /* 60.png */ = {isa = PBXFileReference; lastKnownFileType = image.png; path = 60.png; sourceTree = "<group>"; };
		F281E8AF21CB64CD00D71DF8 /* 65.png */ = {isa = PBXFileReference; lastKnownFileType = image.png; path = 65.png; sourceTree = "<group>"; };
		F281E8B021CB64CD00D71DF8 /* FDLevel.png */ = {isa = PBXFileReference; lastKnownFileType = image.png; path = FDLevel.png; sourceTree = "<group>"; };
		F281E8B121CB64CD00D71DF8 /* FDBackground.png */ = {isa = PBXFileReference; lastKnownFileType = image.png; path = FDBackground.png; sourceTree = "<group>"; };
		F281E8B221CB64CD00D71DF8 /* 56.png */ = {isa = PBXFileReference; lastKnownFileType = image.png; path = 56.png; sourceTree = "<group>"; };
		F281E8B321CB64CD00D71DF8 /* 43.png */ = {isa = PBXFileReference; lastKnownFileType = image.png; path = 43.png; sourceTree = "<group>"; };
		F281E8B421CB64CD00D71DF8 /* 40.png */ = {isa = PBXFileReference; lastKnownFileType = image.png; path = 40.png; sourceTree = "<group>"; };
		F281E8B521CB64CD00D71DF8 /* MapMask.png */ = {isa = PBXFileReference; lastKnownFileType = image.png; path = MapMask.png; sourceTree = "<group>"; };
		F281E8B621CB64CD00D71DF8 /* 1.png */ = {isa = PBXFileReference; lastKnownFileType = image.png; path = 1.png; sourceTree = "<group>"; };
		F281E8C221CB64DC00D71DF8 /* SSFBackEdit.png */ = {isa = PBXFileReference; lastKnownFileType = image.png; path = SSFBackEdit.png; sourceTree = "<group>"; };
		F281E8C321CB64DC00D71DF8 /* SSFBack.png */ = {isa = PBXFileReference; lastKnownFileType = image.png; path = SSFBack.png; sourceTree = "<group>"; };
		F281E8C721CB64EA00D71DF8 /* MapSelection.png */ = {isa = PBXFileReference; lastKnownFileType = image.png; path = MapSelection.png; sourceTree = "<group>"; };
		F281E8C821CB64EA00D71DF8 /* Parrallelogram.png */ = {isa = PBXFileReference; lastKnownFileType = image.png; path = Parrallelogram.png; sourceTree = "<group>"; };
		F281E8C921CB64EA00D71DF8 /* Map Selection.png */ = {isa = PBXFileReference; lastKnownFileType = image.png; path = "Map Selection.png"; sourceTree = "<group>"; };
		F281E8CE21CB650000D71DF8 /* TempleMask1.png */ = {isa = PBXFileReference; lastKnownFileType = image.png; path = TempleMask1.png; sourceTree = "<group>"; };
		F281E8CF21CB650000D71DF8 /* TempleMask2.png */ = {isa = PBXFileReference; lastKnownFileType = image.png; path = TempleMask2.png; sourceTree = "<group>"; };
		F281E8D121CB650000D71DF8 /* 48.png */ = {isa = PBXFileReference; lastKnownFileType = image.png; path = 48.png; sourceTree = "<group>"; };
		F281E8D221CB650000D71DF8 /* Temple.png */ = {isa = PBXFileReference; lastKnownFileType = image.png; path = Temple.png; sourceTree = "<group>"; };
		F281E8D321CB650000D71DF8 /* TempleMask3.png */ = {isa = PBXFileReference; lastKnownFileType = image.png; path = TempleMask3.png; sourceTree = "<group>"; };
		F281E8D421CB650000D71DF8 /* TempleMask7.png */ = {isa = PBXFileReference; lastKnownFileType = image.png; path = TempleMask7.png; sourceTree = "<group>"; };
		F281E8D521CB650000D71DF8 /* 64.png */ = {isa = PBXFileReference; lastKnownFileType = image.png; path = 64.png; sourceTree = "<group>"; };
		F281E8D621CB650000D71DF8 /* TempleMask6.png */ = {isa = PBXFileReference; lastKnownFileType = image.png; path = TempleMask6.png; sourceTree = "<group>"; };
		F281E8D721CB650000D71DF8 /* TempleMask4.png */ = {isa = PBXFileReference; lastKnownFileType = image.png; path = TempleMask4.png; sourceTree = "<group>"; };
		F281E8D821CB650000D71DF8 /* TempleMask5.png */ = {isa = PBXFileReference; lastKnownFileType = image.png; path = TempleMask5.png; sourceTree = "<group>"; };
		F281E8D921CB650000D71DF8 /* BackgroundTemple.png */ = {isa = PBXFileReference; lastKnownFileType = image.png; path = BackgroundTemple.png; sourceTree = "<group>"; };
		F281E8DA21CB650000D71DF8 /* TempleMask8.png */ = {isa = PBXFileReference; lastKnownFileType = image.png; path = TempleMask8.png; sourceTree = "<group>"; };
		F281E8DC21CB650000D71DF8 /* TempleMask9.png */ = {isa = PBXFileReference; lastKnownFileType = image.png; path = TempleMask9.png; sourceTree = "<group>"; };
		F281E8DD21CB650000D71DF8 /* 68.png */ = {isa = PBXFileReference; lastKnownFileType = image.png; path = 68.png; sourceTree = "<group>"; };
		F281E8DE21CB650000D71DF8 /* 52.png */ = {isa = PBXFileReference; lastKnownFileType = image.png; path = 52.png; sourceTree = "<group>"; };
		F281E8F121CB652000D71DF8 /* Castle.png */ = {isa = PBXFileReference; lastKnownFileType = image.png; path = Castle.png; sourceTree = "<group>"; };
		F281E8F221CB652000D71DF8 /* Background.png */ = {isa = PBXFileReference; lastKnownFileType = image.png; path = Background.png; sourceTree = "<group>"; };
		F281E8F321CB652000D71DF8 /* CastleHitBox.png */ = {isa = PBXFileReference; lastKnownFileType = image.png; path = CastleHitBox.png; sourceTree = "<group>"; };
		F281E8F821CB653600D71DF8 /* PlayerFour.png */ = {isa = PBXFileReference; lastKnownFileType = image.png; path = PlayerFour.png; sourceTree = "<group>"; };
		F281E8F921CB653600D71DF8 /* PlayerOne.png */ = {isa = PBXFileReference; lastKnownFileType = image.png; path = PlayerOne.png; sourceTree = "<group>"; };
		F281E8FA21CB653600D71DF8 /* PlayerTwo.png */ = {isa = PBXFileReference; lastKnownFileType = image.png; path = PlayerTwo.png; sourceTree = "<group>"; };
		F281E8FB21CB653600D71DF8 /* PlayerThree.png */ = {isa = PBXFileReference; lastKnownFileType = image.png; path = PlayerThree.png; sourceTree = "<group>"; };
		F281E8FC21CB653600D71DF8 /* SelectionScreen.png */ = {isa = PBXFileReference; lastKnownFileType = image.png; path = SelectionScreen.png; sourceTree = "<group>"; };
		F281E90321CB663100D71DF8 /* MainMenu.sks */ = {isa = PBXFileReference; lastKnownFileType = file.sks; path = MainMenu.sks; sourceTree = "<group>"; };
		F281E90421CB663100D71DF8 /* MainMenu.swift */ = {isa = PBXFileReference; fileEncoding = 4; lastKnownFileType = sourcecode.swift; path = MainMenu.swift; sourceTree = "<group>"; };
		F281E90521CB663100D71DF8 /* MapScene.sks */ = {isa = PBXFileReference; lastKnownFileType = file.sks; path = MapScene.sks; sourceTree = "<group>"; };
		F281E90621CB663100D71DF8 /* SelectionScene.sks */ = {isa = PBXFileReference; lastKnownFileType = file.sks; path = SelectionScene.sks; sourceTree = "<group>"; };
		F281E90721CB663100D71DF8 /* MapScene.swift */ = {isa = PBXFileReference; fileEncoding = 4; lastKnownFileType = sourcecode.swift; path = MapScene.swift; sourceTree = "<group>"; };
		F281E90821CB663100D71DF8 /* SelectionScene.swift */ = {isa = PBXFileReference; fileEncoding = 4; lastKnownFileType = sourcecode.swift; path = SelectionScene.swift; sourceTree = "<group>"; };
/* End PBXFileReference section */

/* Begin PBXFrameworksBuildPhase section */
		541D08F021A3208200B5F518 /* Frameworks */ = {
			isa = PBXFrameworksBuildPhase;
			buildActionMask = 2147483647;
			files = (
			);
			runOnlyForDeploymentPostprocessing = 0;
		};
		541D090A21A3208400B5F518 /* Frameworks */ = {
			isa = PBXFrameworksBuildPhase;
			buildActionMask = 2147483647;
			files = (
			);
			runOnlyForDeploymentPostprocessing = 0;
		};
		541D091521A3208500B5F518 /* Frameworks */ = {
			isa = PBXFrameworksBuildPhase;
			buildActionMask = 2147483647;
			files = (
			);
			runOnlyForDeploymentPostprocessing = 0;
		};
/* End PBXFrameworksBuildPhase section */

/* Begin PBXGroup section */
		541D08EA21A3208200B5F518 = {
			isa = PBXGroup;
			children = (
				541D08F521A3208200B5F518 /* SUPER_SMASH_FLASH_2 */,
				541D091021A3208500B5F518 /* SUPER_SMASH_FLASH_2Tests */,
				541D091B21A3208500B5F518 /* SUPER_SMASH_FLASH_2UITests */,
				541D08F421A3208200B5F518 /* Products */,
				F281E8F721CB653600D71DF8 /* SelectionScreen */,
				F281E8AC21CB64CD00D71DF8 /* FinalDestination */,
				F281E8CD21CB650000D71DF8 /* Temple */,
				F281E8C621CB64EA00D71DF8 /* Map Screen */,
				F281E8C121CB64DC00D71DF8 /* MainMenu */,
				F281E8F021CB652000D71DF8 /* PeachCastle */,
				542ED4E821C03866009F53C5 /* Intro.mp4 */,
			);
			sourceTree = "<group>";
		};
		541D08F421A3208200B5F518 /* Products */ = {
			isa = PBXGroup;
			children = (
				541D08F321A3208200B5F518 /* SUPER_SMASH_FLASH_2.app */,
				541D090D21A3208400B5F518 /* SUPER_SMASH_FLASH_2Tests.xctest */,
				541D091821A3208500B5F518 /* SUPER_SMASH_FLASH_2UITests.xctest */,
			);
			name = Products;
			sourceTree = "<group>";
		};
		541D08F521A3208200B5F518 /* SUPER_SMASH_FLASH_2 */ = {
			isa = PBXGroup;
			children = (
				541D090821A3208400B5F518 /* Info.plist */,
				543C003A21AF07A2009B78A7 /* Engine */,
			);
			path = SUPER_SMASH_FLASH_2;
			sourceTree = "<group>";
		};
		541D091021A3208500B5F518 /* SUPER_SMASH_FLASH_2Tests */ = {
			isa = PBXGroup;
			children = (
				541D091121A3208500B5F518 /* SUPER_SMASH_FLASH_2Tests.swift */,
				541D091321A3208500B5F518 /* Info.plist */,
			);
			path = SUPER_SMASH_FLASH_2Tests;
			sourceTree = "<group>";
		};
		541D091B21A3208500B5F518 /* SUPER_SMASH_FLASH_2UITests */ = {
			isa = PBXGroup;
			children = (
				541D091C21A3208500B5F518 /* SUPER_SMASH_FLASH_2UITests.swift */,
				541D091E21A3208500B5F518 /* Info.plist */,
			);
			path = SUPER_SMASH_FLASH_2UITests;
			sourceTree = "<group>";
		};
		542ED52C21C80C56009F53C5 /* Jump */ = {
			isa = PBXGroup;
			children = (
				5419982921C96B2D00D5E033 /* L_LLOYD_JUMP.atlas */,
				5419982821C96B2D00D5E033 /* R_LLOYD_JUMP.atlas */,
			);
			name = Jump;
			sourceTree = "<group>";
		};
		542ED52D21C812C1009F53C5 /* Movement */ = {
			isa = PBXGroup;
			children = (
				F281E8A721CB036400D71DF8 /* Falling */,
				72EF56B321B6FA280010FD4E /* Walk */,
				542ED52C21C80C56009F53C5 /* Jump */,
				72EF56B121B6FA0F0010FD4E /* Idle */,
			);
			path = Movement;
			sourceTree = "<group>";
		};
		542ED52E21C812E7009F53C5 /* Attacks */ = {
			isa = PBXGroup;
			children = (
				542ED54921C812FB009F53C5 /* Standing */,
			);
			path = Attacks;
			sourceTree = "<group>";
		};
		542ED54921C812FB009F53C5 /* Standing */ = {
			isa = PBXGroup;
			children = (
				5419982621C96A5200D5E033 /* L_Lloyd_AttackStanding.atlas */,
				5419982421C96A3C00D5E033 /* R_Lloyd_AttackStanding.atlas */,
			);
			path = Standing;
			sourceTree = "<group>";
		};
		543C003A21AF07A2009B78A7 /* Engine */ = {
			isa = PBXGroup;
			children = (
				541D08F621A3208200B5F518 /* AppDelegate.swift */,
				F281E90221CB663100D71DF8 /* Menus */,
				72EF56AB21B6EBD60010FD4E /* Scene&Actions */,
				72EF56AA21B6EBC30010FD4E /* Map */,
				72EF56AC21B6EC050010FD4E /* Extensions */,
				72EF56A921B6EB860010FD4E /* Multipeer */,
				72EF56AE21B6F9980010FD4E /* Atlas's */,
				72EF56AD21B6F7740010FD4E /* Storyboard */,
				541D090321A3208400B5F518 /* Assets.xcassets */,
			);
			path = Engine;
			sourceTree = "<group>";
		};
		72EF56A921B6EB860010FD4E /* Multipeer */ = {
			isa = PBXGroup;
			children = (
				54529AF321B052BF008E3176 /* P2P - Delegate.swift */,
				54FF04C721A72847003CD040 /* P2PService.swift */,
			);
			path = Multipeer;
			sourceTree = "<group>";
		};
		72EF56AA21B6EBC30010FD4E /* Map */ = {
			isa = PBXGroup;
			children = (
				543C003821AF0765009B78A7 /* Map Loading Framework.swift */,
			);
			path = Map;
			sourceTree = "<group>";
		};
		72EF56AB21B6EBD60010FD4E /* Scene&Actions */ = {
			isa = PBXGroup;
			children = (
				541D08FE21A3208200B5F518 /* GameViewController.swift */,
				541D08F821A3208200B5F518 /* GameScene.sks */,
				541D08FC21A3208200B5F518 /* GameScene.swift */,
			);
			path = "Scene&Actions";
			sourceTree = "<group>";
		};
		72EF56AC21B6EC050010FD4E /* Extensions */ = {
			isa = PBXGroup;
			children = (
				54529AF521B1A726008E3176 /* D-Pad Extension.swift */,
				5456A9DA21A5D89400806094 /* Animation Extension.swift */,
			);
			path = Extensions;
			sourceTree = "<group>";
		};
		72EF56AD21B6F7740010FD4E /* Storyboard */ = {
			isa = PBXGroup;
			children = (
				541D090521A3208400B5F518 /* LaunchScreen.storyboard */,
				543C003B21AF0806009B78A7 /* Launch Screen.storyboard */,
				541D090021A3208200B5F518 /* Main.storyboard */,
			);
			name = Storyboard;
			sourceTree = "<group>";
		};
		72EF56AE21B6F9980010FD4E /* Atlas's */ = {
			isa = PBXGroup;
			children = (
				72EF56AF21B6F9CB0010FD4E /* Lloyd */,
			);
			name = "Atlas's";
			sourceTree = "<group>";
		};
		72EF56AF21B6F9CB0010FD4E /* Lloyd */ = {
			isa = PBXGroup;
			children = (
				542ED52E21C812E7009F53C5 /* Attacks */,
				542ED52D21C812C1009F53C5 /* Movement */,
			);
			name = Lloyd;
			sourceTree = "<group>";
		};
		72EF56B121B6FA0F0010FD4E /* Idle */ = {
			isa = PBXGroup;
			children = (
				72EF56B221B6FA1A0010FD4E /* L_LLOYD_IDLE.atlas */,
				54529AEC21AF2D9C008E3176 /* R_LLOYD_IDLE.atlas */,
			);
			path = Idle;
			sourceTree = "<group>";
		};
		72EF56B321B6FA280010FD4E /* Walk */ = {
			isa = PBXGroup;
			children = (
				54529AED21AF2D9D008E3176 /* L_LLOYD_WALK.atlas */,
				54529AEE21AF2D9D008E3176 /* R_LLOYD_WALK.atlas */,
			);
			path = Walk;
			sourceTree = "<group>";
		};
		F281E8A721CB036400D71DF8 /* Falling */ = {
			isa = PBXGroup;
			children = (
				F281E8A921CB037800D71DF8 /* L_LLOYD_FALLING.atlas */,
				F281E8A821CB037800D71DF8 /* R_LLOYD_FALLING.atlas */,
			);
			path = Falling;
			sourceTree = "<group>";
		};
		F281E8AC21CB64CD00D71DF8 /* FinalDestination */ = {
			isa = PBXGroup;
			children = (
				F281E8AD21CB64CD00D71DF8 /* 62.png */,
				F281E8AE21CB64CD00D71DF8 /* 60.png */,
				F281E8AF21CB64CD00D71DF8 /* 65.png */,
				F281E8B021CB64CD00D71DF8 /* FDLevel.png */,
				F281E8B121CB64CD00D71DF8 /* FDBackground.png */,
				F281E8B221CB64CD00D71DF8 /* 56.png */,
				F281E8B321CB64CD00D71DF8 /* 43.png */,
				F281E8B421CB64CD00D71DF8 /* 40.png */,
				F281E8B521CB64CD00D71DF8 /* MapMask.png */,
				F281E8B621CB64CD00D71DF8 /* 1.png */,
			);
			path = FinalDestination;
			sourceTree = "<group>";
		};
		F281E8C121CB64DC00D71DF8 /* MainMenu */ = {
			isa = PBXGroup;
			children = (
				F281E8C221CB64DC00D71DF8 /* SSFBackEdit.png */,
				F281E8C321CB64DC00D71DF8 /* SSFBack.png */,
			);
			path = MainMenu;
			sourceTree = "<group>";
		};
		F281E8C621CB64EA00D71DF8 /* Map Screen */ = {
			isa = PBXGroup;
			children = (
				F281E8C721CB64EA00D71DF8 /* MapSelection.png */,
				F281E8C821CB64EA00D71DF8 /* Parrallelogram.png */,
				F281E8C921CB64EA00D71DF8 /* Map Selection.png */,
			);
			path = "Map Screen";
			sourceTree = "<group>";
		};
		F281E8CD21CB650000D71DF8 /* Temple */ = {
			isa = PBXGroup;
			children = (
				F281E8CE21CB650000D71DF8 /* TempleMask1.png */,
				F281E8CF21CB650000D71DF8 /* TempleMask2.png */,
				F281E8D121CB650000D71DF8 /* 48.png */,
				F281E8D221CB650000D71DF8 /* Temple.png */,
				F281E8D321CB650000D71DF8 /* TempleMask3.png */,
				F281E8D421CB650000D71DF8 /* TempleMask7.png */,
				F281E8D521CB650000D71DF8 /* 64.png */,
				F281E8D621CB650000D71DF8 /* TempleMask6.png */,
				F281E8D721CB650000D71DF8 /* TempleMask4.png */,
				F281E8D821CB650000D71DF8 /* TempleMask5.png */,
				F281E8D921CB650000D71DF8 /* BackgroundTemple.png */,
				F281E8DA21CB650000D71DF8 /* TempleMask8.png */,
				F281E8DC21CB650000D71DF8 /* TempleMask9.png */,
				F281E8DD21CB650000D71DF8 /* 68.png */,
				F281E8DE21CB650000D71DF8 /* 52.png */,
			);
			path = Temple;
			sourceTree = "<group>";
		};
		F281E8F021CB652000D71DF8 /* PeachCastle */ = {
			isa = PBXGroup;
			children = (
				F281E8F121CB652000D71DF8 /* Castle.png */,
				F281E8F221CB652000D71DF8 /* Background.png */,
				F281E8F321CB652000D71DF8 /* CastleHitBox.png */,
			);
			path = PeachCastle;
			sourceTree = "<group>";
		};
		F281E8F721CB653600D71DF8 /* SelectionScreen */ = {
			isa = PBXGroup;
			children = (
				F281E8F821CB653600D71DF8 /* PlayerFour.png */,
				F281E8F921CB653600D71DF8 /* PlayerOne.png */,
				F281E8FA21CB653600D71DF8 /* PlayerTwo.png */,
				F281E8FB21CB653600D71DF8 /* PlayerThree.png */,
				F281E8FC21CB653600D71DF8 /* SelectionScreen.png */,
			);
			path = SelectionScreen;
			sourceTree = "<group>";
		};
		F281E90221CB663100D71DF8 /* Menus */ = {
			isa = PBXGroup;
			children = (
				F281E90321CB663100D71DF8 /* MainMenu.sks */,
				F281E90421CB663100D71DF8 /* MainMenu.swift */,
				F281E90521CB663100D71DF8 /* MapScene.sks */,
				F281E90621CB663100D71DF8 /* SelectionScene.sks */,
				F281E90721CB663100D71DF8 /* MapScene.swift */,
				F281E90821CB663100D71DF8 /* SelectionScene.swift */,
			);
			path = Menus;
			sourceTree = "<group>";
		};
/* End PBXGroup section */

/* Begin PBXNativeTarget section */
		541D08F221A3208200B5F518 /* SUPER_SMASH_FLASH_2 */ = {
			isa = PBXNativeTarget;
			buildConfigurationList = 541D092121A3208500B5F518 /* Build configuration list for PBXNativeTarget "SUPER_SMASH_FLASH_2" */;
			buildPhases = (
				541D08EF21A3208200B5F518 /* Sources */,
				541D08F021A3208200B5F518 /* Frameworks */,
				541D08F121A3208200B5F518 /* Resources */,
			);
			buildRules = (
			);
			dependencies = (
			);
			name = SUPER_SMASH_FLASH_2;
			productName = SUPER_SMASH_FLASH_2;
			productReference = 541D08F321A3208200B5F518 /* SUPER_SMASH_FLASH_2.app */;
			productType = "com.apple.product-type.application";
		};
		541D090C21A3208400B5F518 /* SUPER_SMASH_FLASH_2Tests */ = {
			isa = PBXNativeTarget;
			buildConfigurationList = 541D092421A3208500B5F518 /* Build configuration list for PBXNativeTarget "SUPER_SMASH_FLASH_2Tests" */;
			buildPhases = (
				541D090921A3208400B5F518 /* Sources */,
				541D090A21A3208400B5F518 /* Frameworks */,
				541D090B21A3208400B5F518 /* Resources */,
			);
			buildRules = (
			);
			dependencies = (
				541D090F21A3208400B5F518 /* PBXTargetDependency */,
			);
			name = SUPER_SMASH_FLASH_2Tests;
			productName = SUPER_SMASH_FLASH_2Tests;
			productReference = 541D090D21A3208400B5F518 /* SUPER_SMASH_FLASH_2Tests.xctest */;
			productType = "com.apple.product-type.bundle.unit-test";
		};
		541D091721A3208500B5F518 /* SUPER_SMASH_FLASH_2UITests */ = {
			isa = PBXNativeTarget;
			buildConfigurationList = 541D092721A3208500B5F518 /* Build configuration list for PBXNativeTarget "SUPER_SMASH_FLASH_2UITests" */;
			buildPhases = (
				541D091421A3208500B5F518 /* Sources */,
				541D091521A3208500B5F518 /* Frameworks */,
				541D091621A3208500B5F518 /* Resources */,
			);
			buildRules = (
			);
			dependencies = (
				541D091A21A3208500B5F518 /* PBXTargetDependency */,
			);
			name = SUPER_SMASH_FLASH_2UITests;
			productName = SUPER_SMASH_FLASH_2UITests;
			productReference = 541D091821A3208500B5F518 /* SUPER_SMASH_FLASH_2UITests.xctest */;
			productType = "com.apple.product-type.bundle.ui-testing";
		};
/* End PBXNativeTarget section */

/* Begin PBXProject section */
		541D08EB21A3208200B5F518 /* Project object */ = {
			isa = PBXProject;
			attributes = {
				KnownAssetTags = (
					New,
				);
				LastSwiftUpdateCheck = 1000;
				LastUpgradeCheck = 1000;
				ORGANIZATIONNAME = "Period Three";
				TargetAttributes = {
					541D08F221A3208200B5F518 = {
						CreatedOnToolsVersion = 10.0;
					};
					541D090C21A3208400B5F518 = {
						CreatedOnToolsVersion = 10.0;
						TestTargetID = 541D08F221A3208200B5F518;
					};
					541D091721A3208500B5F518 = {
						CreatedOnToolsVersion = 10.0;
						TestTargetID = 541D08F221A3208200B5F518;
					};
				};
			};
			buildConfigurationList = 541D08EE21A3208200B5F518 /* Build configuration list for PBXProject "SUPER_SMASH_FLASH_2" */;
			compatibilityVersion = "Xcode 9.3";
			developmentRegion = en;
			hasScannedForEncodings = 0;
			knownRegions = (
				en,
				Base,
			);
			mainGroup = 541D08EA21A3208200B5F518;
			productRefGroup = 541D08F421A3208200B5F518 /* Products */;
			projectDirPath = "";
			projectRoot = "";
			targets = (
				541D08F221A3208200B5F518 /* SUPER_SMASH_FLASH_2 */,
				541D090C21A3208400B5F518 /* SUPER_SMASH_FLASH_2Tests */,
				541D091721A3208500B5F518 /* SUPER_SMASH_FLASH_2UITests */,
			);
		};
/* End PBXProject section */

/* Begin PBXResourcesBuildPhase section */
		541D08F121A3208200B5F518 /* Resources */ = {
			isa = PBXResourcesBuildPhase;
			buildActionMask = 2147483647;
			files = (
				F281E8F421CB652000D71DF8 /* Castle.png in Resources */,
				F281E8EF21CB650000D71DF8 /* 52.png in Resources */,
				F281E8C421CB64DC00D71DF8 /* SSFBackEdit.png in Resources */,
				542ED4E921C1763C009F53C5 /* Intro.mp4 in Resources */,
				5419982721C96A5200D5E033 /* L_Lloyd_AttackStanding.atlas in Resources */,
				F281E8BB21CB64CD00D71DF8 /* FDBackground.png in Resources */,
				F281E90121CB653600D71DF8 /* SelectionScreen.png in Resources */,
				F281E8B921CB64CD00D71DF8 /* 65.png in Resources */,
				F281E8EB21CB650000D71DF8 /* TempleMask8.png in Resources */,
				F281E90021CB653600D71DF8 /* PlayerThree.png in Resources */,
				F281E8EA21CB650000D71DF8 /* BackgroundTemple.png in Resources */,
				F281E8C521CB64DC00D71DF8 /* SSFBack.png in Resources */,
				F281E8FE21CB653600D71DF8 /* PlayerOne.png in Resources */,
				F281E90921CB663100D71DF8 /* MainMenu.sks in Resources */,
				F281E8DF21CB650000D71DF8 /* TempleMask1.png in Resources */,
				54529B1321B840F3008E3176 /* L_LLOYD_IDLE.atlas in Resources */,
				F281E8AA21CB037800D71DF8 /* R_LLOYD_FALLING.atlas in Resources */,
				F281E8E221CB650000D71DF8 /* 48.png in Resources */,
				54529AF221AF2D9D008E3176 /* R_LLOYD_WALK.atlas in Resources */,
				F281E8ED21CB650000D71DF8 /* TempleMask9.png in Resources */,
				F281E8F521CB652000D71DF8 /* Background.png in Resources */,
				F281E8B721CB64CD00D71DF8 /* 62.png in Resources */,
				541D090221A3208200B5F518 /* Main.storyboard in Resources */,
				5419982B21C96B2D00D5E033 /* L_LLOYD_JUMP.atlas in Resources */,
				F281E8BD21CB64CD00D71DF8 /* 43.png in Resources */,
				F281E8FF21CB653600D71DF8 /* PlayerTwo.png in Resources */,
				543C003C21AF0806009B78A7 /* Launch Screen.storyboard in Resources */,
				F281E8E421CB650000D71DF8 /* TempleMask3.png in Resources */,
				F281E8EE21CB650000D71DF8 /* 68.png in Resources */,
				541D08F921A3208200B5F518 /* GameScene.sks in Resources */,
				F281E8E621CB650000D71DF8 /* 64.png in Resources */,
				F281E8C021CB64CD00D71DF8 /* 1.png in Resources */,
				F281E8BE21CB64CD00D71DF8 /* 40.png in Resources */,
				F281E8BC21CB64CD00D71DF8 /* 56.png in Resources */,
				541D090421A3208400B5F518 /* Assets.xcassets in Resources */,
				F281E8E821CB650000D71DF8 /* TempleMask4.png in Resources */,
				541D090721A3208400B5F518 /* LaunchScreen.storyboard in Resources */,
				F281E8E921CB650000D71DF8 /* TempleMask5.png in Resources */,
				5419982521C96A3C00D5E033 /* R_Lloyd_AttackStanding.atlas in Resources */,
				F281E90C21CB663100D71DF8 /* SelectionScene.sks in Resources */,
				5419982A21C96B2D00D5E033 /* R_LLOYD_JUMP.atlas in Resources */,
				F281E8CC21CB64EA00D71DF8 /* Map Selection.png in Resources */,
				F281E8E521CB650000D71DF8 /* TempleMask7.png in Resources */,
				F281E8B821CB64CD00D71DF8 /* 60.png in Resources */,
				54529AF121AF2D9D008E3176 /* L_LLOYD_WALK.atlas in Resources */,
				F281E8CA21CB64EA00D71DF8 /* MapSelection.png in Resources */,
				F281E8F621CB652000D71DF8 /* CastleHitBox.png in Resources */,
				F281E8E321CB650000D71DF8 /* Temple.png in Resources */,
				F281E8FD21CB653600D71DF8 /* PlayerFour.png in Resources */,
				F281E8CB21CB64EA00D71DF8 /* Parrallelogram.png in Resources */,
				F281E8E721CB650000D71DF8 /* TempleMask6.png in Resources */,
				54529AF021AF2D9D008E3176 /* R_LLOYD_IDLE.atlas in Resources */,
				F281E8BA21CB64CD00D71DF8 /* FDLevel.png in Resources */,
				F281E8BF21CB64CD00D71DF8 /* MapMask.png in Resources */,
				F281E8E021CB650000D71DF8 /* TempleMask2.png in Resources */,
				F281E8AB21CB037800D71DF8 /* L_LLOYD_FALLING.atlas in Resources */,
				F281E90B21CB663100D71DF8 /* MapScene.sks in Resources */,
			);
			runOnlyForDeploymentPostprocessing = 0;
		};
		541D090B21A3208400B5F518 /* Resources */ = {
			isa = PBXResourcesBuildPhase;
			buildActionMask = 2147483647;
			files = (
			);
			runOnlyForDeploymentPostprocessing = 0;
		};
		541D091621A3208500B5F518 /* Resources */ = {
			isa = PBXResourcesBuildPhase;
			buildActionMask = 2147483647;
			files = (
			);
			runOnlyForDeploymentPostprocessing = 0;
		};
/* End PBXResourcesBuildPhase section */

/* Begin PBXSourcesBuildPhase section */
		541D08EF21A3208200B5F518 /* Sources */ = {
			isa = PBXSourcesBuildPhase;
			buildActionMask = 2147483647;
			files = (
				54FF04C821A72847003CD040 /* P2PService.swift in Sources */,
				F281E90A21CB663100D71DF8 /* MainMenu.swift in Sources */,
				541D08FD21A3208200B5F518 /* GameScene.swift in Sources */,
				F281E90E21CB663100D71DF8 /* SelectionScene.swift in Sources */,
				5456A9DB21A5D89400806094 /* Animation Extension.swift in Sources */,
				54529AF621B1A726008E3176 /* D-Pad Extension.swift in Sources */,
				F281E90D21CB663100D71DF8 /* MapScene.swift in Sources */,
				541D08FF21A3208200B5F518 /* GameViewController.swift in Sources */,
				54529AF421B052BF008E3176 /* P2P - Delegate.swift in Sources */,
				543C003921AF0765009B78A7 /* Map Loading Framework.swift in Sources */,
				541D08F721A3208200B5F518 /* AppDelegate.swift in Sources */,
			);
			runOnlyForDeploymentPostprocessing = 0;
		};
		541D090921A3208400B5F518 /* Sources */ = {
			isa = PBXSourcesBuildPhase;
			buildActionMask = 2147483647;
			files = (
				541D091221A3208500B5F518 /* SUPER_SMASH_FLASH_2Tests.swift in Sources */,
			);
			runOnlyForDeploymentPostprocessing = 0;
		};
		541D091421A3208500B5F518 /* Sources */ = {
			isa = PBXSourcesBuildPhase;
			buildActionMask = 2147483647;
			files = (
				541D091D21A3208500B5F518 /* SUPER_SMASH_FLASH_2UITests.swift in Sources */,
			);
			runOnlyForDeploymentPostprocessing = 0;
		};
/* End PBXSourcesBuildPhase section */

/* Begin PBXTargetDependency section */
		541D090F21A3208400B5F518 /* PBXTargetDependency */ = {
			isa = PBXTargetDependency;
			target = 541D08F221A3208200B5F518 /* SUPER_SMASH_FLASH_2 */;
			targetProxy = 541D090E21A3208400B5F518 /* PBXContainerItemProxy */;
		};
		541D091A21A3208500B5F518 /* PBXTargetDependency */ = {
			isa = PBXTargetDependency;
			target = 541D08F221A3208200B5F518 /* SUPER_SMASH_FLASH_2 */;
			targetProxy = 541D091921A3208500B5F518 /* PBXContainerItemProxy */;
		};
/* End PBXTargetDependency section */

/* Begin PBXVariantGroup section */
		541D090021A3208200B5F518 /* Main.storyboard */ = {
			isa = PBXVariantGroup;
			children = (
				541D090121A3208200B5F518 /* Base */,
			);
			name = Main.storyboard;
			sourceTree = "<group>";
		};
		541D090521A3208400B5F518 /* LaunchScreen.storyboard */ = {
			isa = PBXVariantGroup;
			children = (
				541D090621A3208400B5F518 /* Base */,
			);
			name = LaunchScreen.storyboard;
			sourceTree = "<group>";
		};
/* End PBXVariantGroup section */

/* Begin XCBuildConfiguration section */
		541D091F21A3208500B5F518 /* Debug */ = {
			isa = XCBuildConfiguration;
			buildSettings = {
				ALWAYS_SEARCH_USER_PATHS = NO;
				CLANG_ANALYZER_NONNULL = YES;
				CLANG_ANALYZER_NUMBER_OBJECT_CONVERSION = YES_AGGRESSIVE;
				CLANG_CXX_LANGUAGE_STANDARD = "gnu++14";
				CLANG_CXX_LIBRARY = "libc++";
				CLANG_ENABLE_MODULES = YES;
				CLANG_ENABLE_OBJC_ARC = YES;
				CLANG_ENABLE_OBJC_WEAK = YES;
				CLANG_WARN_BLOCK_CAPTURE_AUTORELEASING = YES;
				CLANG_WARN_BOOL_CONVERSION = YES;
				CLANG_WARN_COMMA = YES;
				CLANG_WARN_CONSTANT_CONVERSION = YES;
				CLANG_WARN_DEPRECATED_OBJC_IMPLEMENTATIONS = YES;
				CLANG_WARN_DIRECT_OBJC_ISA_USAGE = YES_ERROR;
				CLANG_WARN_DOCUMENTATION_COMMENTS = YES;
				CLANG_WARN_EMPTY_BODY = YES;
				CLANG_WARN_ENUM_CONVERSION = YES;
				CLANG_WARN_INFINITE_RECURSION = YES;
				CLANG_WARN_INT_CONVERSION = YES;
				CLANG_WARN_NON_LITERAL_NULL_CONVERSION = YES;
				CLANG_WARN_OBJC_IMPLICIT_RETAIN_SELF = YES;
				CLANG_WARN_OBJC_LITERAL_CONVERSION = YES;
				CLANG_WARN_OBJC_ROOT_CLASS = YES_ERROR;
				CLANG_WARN_RANGE_LOOP_ANALYSIS = YES;
				CLANG_WARN_STRICT_PROTOTYPES = YES;
				CLANG_WARN_SUSPICIOUS_MOVE = YES;
				CLANG_WARN_UNGUARDED_AVAILABILITY = YES_AGGRESSIVE;
				CLANG_WARN_UNREACHABLE_CODE = YES;
				CLANG_WARN__DUPLICATE_METHOD_MATCH = YES;
				CODE_SIGN_IDENTITY = "iPhone Developer";
				COPY_PHASE_STRIP = NO;
				DEBUG_INFORMATION_FORMAT = dwarf;
				ENABLE_STRICT_OBJC_MSGSEND = YES;
				ENABLE_TESTABILITY = YES;
				GCC_C_LANGUAGE_STANDARD = gnu11;
				GCC_DYNAMIC_NO_PIC = NO;
				GCC_NO_COMMON_BLOCKS = YES;
				GCC_OPTIMIZATION_LEVEL = 0;
				GCC_PREPROCESSOR_DEFINITIONS = (
					"DEBUG=1",
					"$(inherited)",
				);
				GCC_WARN_64_TO_32_BIT_CONVERSION = YES;
				GCC_WARN_ABOUT_RETURN_TYPE = YES_ERROR;
				GCC_WARN_UNDECLARED_SELECTOR = YES;
				GCC_WARN_UNINITIALIZED_AUTOS = YES_AGGRESSIVE;
				GCC_WARN_UNUSED_FUNCTION = YES;
				GCC_WARN_UNUSED_VARIABLE = YES;
				IPHONEOS_DEPLOYMENT_TARGET = 12.0;
				MTL_ENABLE_DEBUG_INFO = INCLUDE_SOURCE;
				MTL_FAST_MATH = YES;
				ONLY_ACTIVE_ARCH = YES;
				SDKROOT = iphoneos;
				SWIFT_ACTIVE_COMPILATION_CONDITIONS = DEBUG;
				SWIFT_OPTIMIZATION_LEVEL = "-Onone";
			};
			name = Debug;
		};
		541D092021A3208500B5F518 /* Release */ = {
			isa = XCBuildConfiguration;
			buildSettings = {
				ALWAYS_SEARCH_USER_PATHS = NO;
				CLANG_ANALYZER_NONNULL = YES;
				CLANG_ANALYZER_NUMBER_OBJECT_CONVERSION = YES_AGGRESSIVE;
				CLANG_CXX_LANGUAGE_STANDARD = "gnu++14";
				CLANG_CXX_LIBRARY = "libc++";
				CLANG_ENABLE_MODULES = YES;
				CLANG_ENABLE_OBJC_ARC = YES;
				CLANG_ENABLE_OBJC_WEAK = YES;
				CLANG_WARN_BLOCK_CAPTURE_AUTORELEASING = YES;
				CLANG_WARN_BOOL_CONVERSION = YES;
				CLANG_WARN_COMMA = YES;
				CLANG_WARN_CONSTANT_CONVERSION = YES;
				CLANG_WARN_DEPRECATED_OBJC_IMPLEMENTATIONS = YES;
				CLANG_WARN_DIRECT_OBJC_ISA_USAGE = YES_ERROR;
				CLANG_WARN_DOCUMENTATION_COMMENTS = YES;
				CLANG_WARN_EMPTY_BODY = YES;
				CLANG_WARN_ENUM_CONVERSION = YES;
				CLANG_WARN_INFINITE_RECURSION = YES;
				CLANG_WARN_INT_CONVERSION = YES;
				CLANG_WARN_NON_LITERAL_NULL_CONVERSION = YES;
				CLANG_WARN_OBJC_IMPLICIT_RETAIN_SELF = YES;
				CLANG_WARN_OBJC_LITERAL_CONVERSION = YES;
				CLANG_WARN_OBJC_ROOT_CLASS = YES_ERROR;
				CLANG_WARN_RANGE_LOOP_ANALYSIS = YES;
				CLANG_WARN_STRICT_PROTOTYPES = YES;
				CLANG_WARN_SUSPICIOUS_MOVE = YES;
				CLANG_WARN_UNGUARDED_AVAILABILITY = YES_AGGRESSIVE;
				CLANG_WARN_UNREACHABLE_CODE = YES;
				CLANG_WARN__DUPLICATE_METHOD_MATCH = YES;
				CODE_SIGN_IDENTITY = "iPhone Developer";
				COPY_PHASE_STRIP = NO;
				DEBUG_INFORMATION_FORMAT = "dwarf-with-dsym";
				ENABLE_NS_ASSERTIONS = NO;
				ENABLE_STRICT_OBJC_MSGSEND = YES;
				GCC_C_LANGUAGE_STANDARD = gnu11;
				GCC_NO_COMMON_BLOCKS = YES;
				GCC_WARN_64_TO_32_BIT_CONVERSION = YES;
				GCC_WARN_ABOUT_RETURN_TYPE = YES_ERROR;
				GCC_WARN_UNDECLARED_SELECTOR = YES;
				GCC_WARN_UNINITIALIZED_AUTOS = YES_AGGRESSIVE;
				GCC_WARN_UNUSED_FUNCTION = YES;
				GCC_WARN_UNUSED_VARIABLE = YES;
				IPHONEOS_DEPLOYMENT_TARGET = 12.0;
				MTL_ENABLE_DEBUG_INFO = NO;
				MTL_FAST_MATH = YES;
				SDKROOT = iphoneos;
				SWIFT_COMPILATION_MODE = wholemodule;
				SWIFT_OPTIMIZATION_LEVEL = "-O";
				VALIDATE_PRODUCT = YES;
			};
			name = Release;
		};
		541D092221A3208500B5F518 /* Debug */ = {
			isa = XCBuildConfiguration;
			buildSettings = {
				ASSETCATALOG_COMPILER_APPICON_NAME = AppIcon;
				CODE_SIGN_STYLE = Automatic;
				DEVELOPMENT_TEAM = 38USN3E3H5;
				INFOPLIST_FILE = SUPER_SMASH_FLASH_2/Info.plist;
				IPHONEOS_DEPLOYMENT_TARGET = 12.0;
				LD_RUNPATH_SEARCH_PATHS = (
					"$(inherited)",
					"@executable_path/Frameworks",
				);
				PRODUCT_BUNDLE_IDENTIFIER = SSF2;
				PRODUCT_NAME = "$(TARGET_NAME)";
				SWIFT_VERSION = 4.2;
				TARGETED_DEVICE_FAMILY = "1,2";
			};
			name = Debug;
		};
		541D092321A3208500B5F518 /* Release */ = {
			isa = XCBuildConfiguration;
			buildSettings = {
				ASSETCATALOG_COMPILER_APPICON_NAME = AppIcon;
				CODE_SIGN_STYLE = Automatic;
				DEVELOPMENT_TEAM = 38USN3E3H5;
				INFOPLIST_FILE = SUPER_SMASH_FLASH_2/Info.plist;
				IPHONEOS_DEPLOYMENT_TARGET = 12.0;
				LD_RUNPATH_SEARCH_PATHS = (
					"$(inherited)",
					"@executable_path/Frameworks",
				);
				PRODUCT_BUNDLE_IDENTIFIER = SSF2;
				PRODUCT_NAME = "$(TARGET_NAME)";
				SWIFT_VERSION = 4.2;
				TARGETED_DEVICE_FAMILY = "1,2";
			};
			name = Release;
		};
		541D092521A3208500B5F518 /* Debug */ = {
			isa = XCBuildConfiguration;
			buildSettings = {
				ALWAYS_EMBED_SWIFT_STANDARD_LIBRARIES = YES;
				BUNDLE_LOADER = "$(TEST_HOST)";
				CODE_SIGN_STYLE = Automatic;
				INFOPLIST_FILE = SUPER_SMASH_FLASH_2Tests/Info.plist;
				LD_RUNPATH_SEARCH_PATHS = (
					"$(inherited)",
					"@executable_path/Frameworks",
					"@loader_path/Frameworks",
				);
				PRODUCT_BUNDLE_IDENTIFIER = "fernando-pluas.SUPER-SMASH-FLASH-2Tests";
				PRODUCT_NAME = "$(TARGET_NAME)";
				SWIFT_VERSION = 4.2;
				TARGETED_DEVICE_FAMILY = "1,2";
				TEST_HOST = "$(BUILT_PRODUCTS_DIR)/SUPER_SMASH_FLASH_2.app/SUPER_SMASH_FLASH_2";
			};
			name = Debug;
		};
		541D092621A3208500B5F518 /* Release */ = {
			isa = XCBuildConfiguration;
			buildSettings = {
				ALWAYS_EMBED_SWIFT_STANDARD_LIBRARIES = YES;
				BUNDLE_LOADER = "$(TEST_HOST)";
				CODE_SIGN_STYLE = Automatic;
				INFOPLIST_FILE = SUPER_SMASH_FLASH_2Tests/Info.plist;
				LD_RUNPATH_SEARCH_PATHS = (
					"$(inherited)",
					"@executable_path/Frameworks",
					"@loader_path/Frameworks",
				);
				PRODUCT_BUNDLE_IDENTIFIER = "fernando-pluas.SUPER-SMASH-FLASH-2Tests";
				PRODUCT_NAME = "$(TARGET_NAME)";
				SWIFT_VERSION = 4.2;
				TARGETED_DEVICE_FAMILY = "1,2";
				TEST_HOST = "$(BUILT_PRODUCTS_DIR)/SUPER_SMASH_FLASH_2.app/SUPER_SMASH_FLASH_2";
			};
			name = Release;
		};
		541D092821A3208500B5F518 /* Debug */ = {
			isa = XCBuildConfiguration;
			buildSettings = {
				ALWAYS_EMBED_SWIFT_STANDARD_LIBRARIES = YES;
				CODE_SIGN_STYLE = Automatic;
				INFOPLIST_FILE = SUPER_SMASH_FLASH_2UITests/Info.plist;
				LD_RUNPATH_SEARCH_PATHS = (
					"$(inherited)",
					"@executable_path/Frameworks",
					"@loader_path/Frameworks",
				);
				PRODUCT_BUNDLE_IDENTIFIER = "fernando-pluas.SUPER-SMASH-FLASH-2UITests";
				PRODUCT_NAME = "$(TARGET_NAME)";
				SWIFT_VERSION = 4.2;
				TARGETED_DEVICE_FAMILY = "1,2";
				TEST_TARGET_NAME = SUPER_SMASH_FLASH_2;
			};
			name = Debug;
		};
		541D092921A3208500B5F518 /* Release */ = {
			isa = XCBuildConfiguration;
			buildSettings = {
				ALWAYS_EMBED_SWIFT_STANDARD_LIBRARIES = YES;
				CODE_SIGN_STYLE = Automatic;
				INFOPLIST_FILE = SUPER_SMASH_FLASH_2UITests/Info.plist;
				LD_RUNPATH_SEARCH_PATHS = (
					"$(inherited)",
					"@executable_path/Frameworks",
					"@loader_path/Frameworks",
				);
				PRODUCT_BUNDLE_IDENTIFIER = "fernando-pluas.SUPER-SMASH-FLASH-2UITests";
				PRODUCT_NAME = "$(TARGET_NAME)";
				SWIFT_VERSION = 4.2;
				TARGETED_DEVICE_FAMILY = "1,2";
				TEST_TARGET_NAME = SUPER_SMASH_FLASH_2;
			};
			name = Release;
		};
/* End XCBuildConfiguration section */

/* Begin XCConfigurationList section */
		541D08EE21A3208200B5F518 /* Build configuration list for PBXProject "SUPER_SMASH_FLASH_2" */ = {
			isa = XCConfigurationList;
			buildConfigurations = (
				541D091F21A3208500B5F518 /* Debug */,
				541D092021A3208500B5F518 /* Release */,
			);
			defaultConfigurationIsVisible = 0;
			defaultConfigurationName = Release;
		};
		541D092121A3208500B5F518 /* Build configuration list for PBXNativeTarget "SUPER_SMASH_FLASH_2" */ = {
			isa = XCConfigurationList;
			buildConfigurations = (
				541D092221A3208500B5F518 /* Debug */,
				541D092321A3208500B5F518 /* Release */,
			);
			defaultConfigurationIsVisible = 0;
			defaultConfigurationName = Release;
		};
		541D092421A3208500B5F518 /* Build configuration list for PBXNativeTarget "SUPER_SMASH_FLASH_2Tests" */ = {
			isa = XCConfigurationList;
			buildConfigurations = (
				541D092521A3208500B5F518 /* Debug */,
				541D092621A3208500B5F518 /* Release */,
			);
			defaultConfigurationIsVisible = 0;
			defaultConfigurationName = Release;
		};
		541D092721A3208500B5F518 /* Build configuration list for PBXNativeTarget "SUPER_SMASH_FLASH_2UITests" */ = {
			isa = XCConfigurationList;
			buildConfigurations = (
				541D092821A3208500B5F518 /* Debug */,
				541D092921A3208500B5F518 /* Release */,
			);
			defaultConfigurationIsVisible = 0;
			defaultConfigurationName = Release;
		};
/* End XCConfigurationList section */
	};
	rootObject = 541D08EB21A3208200B5F518 /* Project object */;
}
